// !$*UTF8*$!
{
	archiveVersion = 1;
	classes = {
	};
	objectVersion = 55;
	objects = {

/* Begin PBXBuildFile section */
		746DBBD12868610A00445905 /* TestingAPISApp.swift in Sources */ = {isa = PBXBuildFile; fileRef = 746DBBD02868610A00445905 /* TestingAPISApp.swift */; };
		746DBBD52868610D00445905 /* Assets.xcassets in Resources */ = {isa = PBXBuildFile; fileRef = 746DBBD42868610D00445905 /* Assets.xcassets */; };
		746DBBD82868610D00445905 /* Preview Assets.xcassets in Resources */ = {isa = PBXBuildFile; fileRef = 746DBBD72868610D00445905 /* Preview Assets.xcassets */; };
		746DBBE02868613800445905 /* ContentView_Post.swift in Sources */ = {isa = PBXBuildFile; fileRef = 746DBBDF2868613800445905 /* ContentView_Post.swift */; };
		746DBBE72868614000445905 /* DataService.swift in Sources */ = {isa = PBXBuildFile; fileRef = 746DBBE22868614000445905 /* DataService.swift */; };
		746DBBE82868614000445905 /* Model.swift in Sources */ = {isa = PBXBuildFile; fileRef = 746DBBE32868614000445905 /* Model.swift */; };
		746DBBE92868614000445905 /* ViewModel.swift in Sources */ = {isa = PBXBuildFile; fileRef = 746DBBE42868614000445905 /* ViewModel.swift */; };
		746DBBEA2868614000445905 /* NetworkingManger.swift in Sources */ = {isa = PBXBuildFile; fileRef = 746DBBE52868614000445905 /* NetworkingManger.swift */; };
		746DBBEB2868614000445905 /* ContentView.swift in Sources */ = {isa = PBXBuildFile; fileRef = 746DBBE62868614000445905 /* ContentView.swift */; };
/* End PBXBuildFile section */

/* Begin PBXFileReference section */
		74010282286861C70015E88F /* Info.plist */ = {isa = PBXFileReference; lastKnownFileType = text.plist; path = Info.plist; sourceTree = "<group>"; };
		746DBBCD2868610A00445905 /* TestingAPIS.app */ = {isa = PBXFileReference; explicitFileType = wrapper.application; includeInIndex = 0; path = TestingAPIS.app; sourceTree = BUILT_PRODUCTS_DIR; };
		746DBBD02868610A00445905 /* TestingAPISApp.swift */ = {isa = PBXFileReference; lastKnownFileType = sourcecode.swift; path = TestingAPISApp.swift; sourceTree = "<group>"; };
		746DBBD42868610D00445905 /* Assets.xcassets */ = {isa = PBXFileReference; lastKnownFileType = folder.assetcatalog; path = Assets.xcassets; sourceTree = "<group>"; };
		746DBBD72868610D00445905 /* Preview Assets.xcassets */ = {isa = PBXFileReference; lastKnownFileType = folder.assetcatalog; path = "Preview Assets.xcassets"; sourceTree = "<group>"; };
		746DBBDF2868613800445905 /* ContentView_Post.swift */ = {isa = PBXFileReference; fileEncoding = 4; lastKnownFileType = sourcecode.swift; path = ContentView_Post.swift; sourceTree = "<group>"; };
		746DBBE22868614000445905 /* DataService.swift */ = {isa = PBXFileReference; fileEncoding = 4; lastKnownFileType = sourcecode.swift; path = DataService.swift; sourceTree = "<group>"; };
		746DBBE32868614000445905 /* Model.swift */ = {isa = PBXFileReference; fileEncoding = 4; lastKnownFileType = sourcecode.swift; path = Model.swift; sourceTree = "<group>"; };
		746DBBE42868614000445905 /* ViewModel.swift */ = {isa = PBXFileReference; fileEncoding = 4; lastKnownFileType = sourcecode.swift; path = ViewModel.swift; sourceTree = "<group>"; };
		746DBBE52868614000445905 /* NetworkingManger.swift */ = {isa = PBXFileReference; fileEncoding = 4; lastKnownFileType = sourcecode.swift; path = NetworkingManger.swift; sourceTree = "<group>"; };
		746DBBE62868614000445905 /* ContentView.swift */ = {isa = PBXFileReference; fileEncoding = 4; lastKnownFileType = sourcecode.swift; path = ContentView.swift; sourceTree = "<group>"; };
/* End PBXFileReference section */

/* Begin PBXFrameworksBuildPhase section */
		746DBBCA2868610A00445905 /* Frameworks */ = {
			isa = PBXFrameworksBuildPhase;
			buildActionMask = 2147483647;
			files = (
			);
			runOnlyForDeploymentPostprocessing = 0;
		};
/* End PBXFrameworksBuildPhase section */

/* Begin PBXGroup section */
		746DBBC42868610A00445905 = {
			isa = PBXGroup;
			children = (
				746DBBCF2868610A00445905 /* TestingAPIS */,
				746DBBCE2868610A00445905 /* Products */,
			);
			sourceTree = "<group>";
		};
		746DBBCE2868610A00445905 /* Products */ = {
			isa = PBXGroup;
			children = (
				746DBBCD2868610A00445905 /* TestingAPIS.app */,
			);
			name = Products;
			sourceTree = "<group>";
		};
		746DBBCF2868610A00445905 /* TestingAPIS */ = {
			isa = PBXGroup;
			children = (
				74010282286861C70015E88F /* Info.plist */,
				746DBBD02868610A00445905 /* TestingAPISApp.swift */,
				746DBBE12868614000445905 /* Get API */,
				746DBBDE2868613800445905 /* Post API */,
				746DBBD42868610D00445905 /* Assets.xcassets */,
				746DBBD62868610D00445905 /* Preview Content */,
			);
			path = TestingAPIS;
			sourceTree = "<group>";
		};
		746DBBD62868610D00445905 /* Preview Content */ = {
			isa = PBXGroup;
			children = (
				746DBBD72868610D00445905 /* Preview Assets.xcassets */,
			);
			path = "Preview Content";
			sourceTree = "<group>";
		};
		746DBBDE2868613800445905 /* Post API */ = {
			isa = PBXGroup;
			children = (
				746DBBDF2868613800445905 /* ContentView_Post.swift */,
			);
			path = "Post API";
			sourceTree = "<group>";
		};
		746DBBE12868614000445905 /* Get API */ = {
			isa = PBXGroup;
			children = (
				746DBBE22868614000445905 /* DataService.swift */,
				746DBBE32868614000445905 /* Model.swift */,
				746DBBE42868614000445905 /* ViewModel.swift */,
				746DBBE52868614000445905 /* NetworkingManger.swift */,
				746DBBE62868614000445905 /* ContentView.swift */,
			);
			path = "Get API";
			sourceTree = "<group>";
		};
/* End PBXGroup section */

/* Begin PBXNativeTarget section */
		746DBBCC2868610A00445905 /* TestingAPIS */ = {
			isa = PBXNativeTarget;
			buildConfigurationList = 746DBBDB2868610D00445905 /* Build configuration list for PBXNativeTarget "TestingAPIS" */;
			buildPhases = (
				746DBBC92868610A00445905 /* Sources */,
				746DBBCA2868610A00445905 /* Frameworks */,
				746DBBCB2868610A00445905 /* Resources */,
			);
			buildRules = (
			);
			dependencies = (
			);
			name = TestingAPIS;
			productName = TestingAPIS;
			productReference = 746DBBCD2868610A00445905 /* TestingAPIS.app */;
			productType = "com.apple.product-type.application";
		};
/* End PBXNativeTarget section */

/* Begin PBXProject section */
		746DBBC52868610A00445905 /* Project object */ = {
			isa = PBXProject;
			attributes = {
				BuildIndependentTargetsInParallel = 1;
				LastSwiftUpdateCheck = 1340;
				LastUpgradeCheck = 1340;
				TargetAttributes = {
					746DBBCC2868610A00445905 = {
						CreatedOnToolsVersion = 13.4.1;
					};
				};
			};
			buildConfigurationList = 746DBBC82868610A00445905 /* Build configuration list for PBXProject "TestingAPIS" */;
			compatibilityVersion = "Xcode 13.0";
			developmentRegion = en;
			hasScannedForEncodings = 0;
			knownRegions = (
				en,
				Base,
			);
			mainGroup = 746DBBC42868610A00445905;
			productRefGroup = 746DBBCE2868610A00445905 /* Products */;
			projectDirPath = "";
			projectRoot = "";
			targets = (
				746DBBCC2868610A00445905 /* TestingAPIS */,
			);
		};
/* End PBXProject section */

/* Begin PBXResourcesBuildPhase section */
		746DBBCB2868610A00445905 /* Resources */ = {
			isa = PBXResourcesBuildPhase;
			buildActionMask = 2147483647;
			files = (
				746DBBD82868610D00445905 /* Preview Assets.xcassets in Resources */,
				746DBBD52868610D00445905 /* Assets.xcassets in Resources */,
			);
			runOnlyForDeploymentPostprocessing = 0;
		};
/* End PBXResourcesBuildPhase section */

/* Begin PBXSourcesBuildPhase section */
		746DBBC92868610A00445905 /* Sources */ = {
			isa = PBXSourcesBuildPhase;
			buildActionMask = 2147483647;
			files = (
				746DBBE92868614000445905 /* ViewModel.swift in Sources */,
				746DBBEA2868614000445905 /* NetworkingManger.swift in Sources */,
				746DBBEB2868614000445905 /* ContentView.swift in Sources */,
				746DBBE72868614000445905 /* DataService.swift in Sources */,
				746DBBE02868613800445905 /* ContentView_Post.swift in Sources */,
				746DBBD12868610A00445905 /* TestingAPISApp.swift in Sources */,
				746DBBE82868614000445905 /* Model.swift in Sources */,
			);
			runOnlyForDeploymentPostprocessing = 0;
		};
/* End PBXSourcesBuildPhase section */

/* Begin XCBuildConfiguration section */
		746DBBD92868610D00445905 /* Debug */ = {
			isa = XCBuildConfiguration;
			buildSettings = {
				ALWAYS_SEARCH_USER_PATHS = NO;
				CLANG_ANALYZER_NONNULL = YES;
				CLANG_ANALYZER_NUMBER_OBJECT_CONVERSION = YES_AGGRESSIVE;
				CLANG_CXX_LANGUAGE_STANDARD = "gnu++17";
				CLANG_ENABLE_MODULES = YES;
				CLANG_ENABLE_OBJC_ARC = YES;
				CLANG_ENABLE_OBJC_WEAK = YES;
				CLANG_WARN_BLOCK_CAPTURE_AUTORELEASING = YES;
				CLANG_WARN_BOOL_CONVERSION = YES;
				CLANG_WARN_COMMA = YES;
				CLANG_WARN_CONSTANT_CONVERSION = YES;
				CLANG_WARN_DEPRECATED_OBJC_IMPLEMENTATIONS = YES;
				CLANG_WARN_DIRECT_OBJC_ISA_USAGE = YES_ERROR;
				CLANG_WARN_DOCUMENTATION_COMMENTS = YES;
				CLANG_WARN_EMPTY_BODY = YES;
				CLANG_WARN_ENUM_CONVERSION = YES;
				CLANG_WARN_INFINITE_RECURSION = YES;
				CLANG_WARN_INT_CONVERSION = YES;
				CLANG_WARN_NON_LITERAL_NULL_CONVERSION = YES;
				CLANG_WARN_OBJC_IMPLICIT_RETAIN_SELF = YES;
				CLANG_WARN_OBJC_LITERAL_CONVERSION = YES;
				CLANG_WARN_OBJC_ROOT_CLASS = YES_ERROR;
				CLANG_WARN_QUOTED_INCLUDE_IN_FRAMEWORK_HEADER = YES;
				CLANG_WARN_RANGE_LOOP_ANALYSIS = YES;
				CLANG_WARN_STRICT_PROTOTYPES = YES;
				CLANG_WARN_SUSPICIOUS_MOVE = YES;
				CLANG_WARN_UNGUARDED_AVAILABILITY = YES_AGGRESSIVE;
				CLANG_WARN_UNREACHABLE_CODE = YES;
				CLANG_WARN__DUPLICATE_METHOD_MATCH = YES;
				COPY_PHASE_STRIP = NO;
				DEBUG_INFORMATION_FORMAT = dwarf;
				ENABLE_STRICT_OBJC_MSGSEND = YES;
				ENABLE_TESTABILITY = YES;
				GCC_C_LANGUAGE_STANDARD = gnu11;
				GCC_DYNAMIC_NO_PIC = NO;
				GCC_NO_COMMON_BLOCKS = YES;
				GCC_OPTIMIZATION_LEVEL = 0;
				GCC_PREPROCESSOR_DEFINITIONS = (
					"DEBUG=1",
					"$(inherited)",
				);
				GCC_WARN_64_TO_32_BIT_CONVERSION = YES;
				GCC_WARN_ABOUT_RETURN_TYPE = YES_ERROR;
				GCC_WARN_UNDECLARED_SELECTOR = YES;
				GCC_WARN_UNINITIALIZED_AUTOS = YES_AGGRESSIVE;
				GCC_WARN_UNUSED_FUNCTION = YES;
				GCC_WARN_UNUSED_VARIABLE = YES;
				IPHONEOS_DEPLOYMENT_TARGET = 15.5;
				MTL_ENABLE_DEBUG_INFO = INCLUDE_SOURCE;
				MTL_FAST_MATH = YES;
				ONLY_ACTIVE_ARCH = YES;
				SDKROOT = iphoneos;
				SWIFT_ACTIVE_COMPILATION_CONDITIONS = DEBUG;
				SWIFT_OPTIMIZATION_LEVEL = "-Onone";
			};
			name = Debug;
		};
		746DBBDA2868610D00445905 /* Release */ = {
			isa = XCBuildConfiguration;
			buildSettings = {
				ALWAYS_SEARCH_USER_PATHS = NO;
				CLANG_ANALYZER_NONNULL = YES;
				CLANG_ANALYZER_NUMBER_OBJECT_CONVERSION = YES_AGGRESSIVE;
				CLANG_CXX_LANGUAGE_STANDARD = "gnu++17";
				CLANG_ENABLE_MODULES = YES;
				CLANG_ENABLE_OBJC_ARC = YES;
				CLANG_ENABLE_OBJC_WEAK = YES;
				CLANG_WARN_BLOCK_CAPTURE_AUTORELEASING = YES;
				CLANG_WARN_BOOL_CONVERSION = YES;
				CLANG_WARN_COMMA = YES;
				CLANG_WARN_CONSTANT_CONVERSION = YES;
				CLANG_WARN_DEPRECATED_OBJC_IMPLEMENTATIONS = YES;
				CLANG_WARN_DIRECT_OBJC_ISA_USAGE = YES_ERROR;
				CLANG_WARN_DOCUMENTATION_COMMENTS = YES;
				CLANG_WARN_EMPTY_BODY = YES;
				CLANG_WARN_ENUM_CONVERSION = YES;
				CLANG_WARN_INFINITE_RECURSION = YES;
				CLANG_WARN_INT_CONVERSION = YES;
				CLANG_WARN_NON_LITERAL_NULL_CONVERSION = YES;
				CLANG_WARN_OBJC_IMPLICIT_RETAIN_SELF = YES;
				CLANG_WARN_OBJC_LITERAL_CONVERSION = YES;
				CLANG_WARN_OBJC_ROOT_CLASS = YES_ERROR;
				CLANG_WARN_QUOTED_INCLUDE_IN_FRAMEWORK_HEADER = YES;
				CLANG_WARN_RANGE_LOOP_ANALYSIS = YES;
				CLANG_WARN_STRICT_PROTOTYPES = YES;
				CLANG_WARN_SUSPICIOUS_MOVE = YES;
				CLANG_WARN_UNGUARDED_AVAILABILITY = YES_AGGRESSIVE;
				CLANG_WARN_UNREACHABLE_CODE = YES;
				CLANG_WARN__DUPLICATE_METHOD_MATCH = YES;
				COPY_PHASE_STRIP = NO;
				DEBUG_INFORMATION_FORMAT = "dwarf-with-dsym";
				ENABLE_NS_ASSERTIONS = NO;
				ENABLE_STRICT_OBJC_MSGSEND = YES;
				GCC_C_LANGUAGE_STANDARD = gnu11;
				GCC_NO_COMMON_BLOCKS = YES;
				GCC_WARN_64_TO_32_BIT_CONVERSION = YES;
				GCC_WARN_ABOUT_RETURN_TYPE = YES_ERROR;
				GCC_WARN_UNDECLARED_SELECTOR = YES;
				GCC_WARN_UNINITIALIZED_AUTOS = YES_AGGRESSIVE;
				GCC_WARN_UNUSED_FUNCTION = YES;
				GCC_WARN_UNUSED_VARIABLE = YES;
				IPHONEOS_DEPLOYMENT_TARGET = 15.5;
				MTL_ENABLE_DEBUG_INFO = NO;
				MTL_FAST_MATH = YES;
				SDKROOT = iphoneos;
				SWIFT_COMPILATION_MODE = wholemodule;
				SWIFT_OPTIMIZATION_LEVEL = "-O";
				VALIDATE_PRODUCT = YES;
			};
			name = Release;
		};
		746DBBDC2868610D00445905 /* Debug */ = {
			isa = XCBuildConfiguration;
			buildSettings = {
				ASSETCATALOG_COMPILER_APPICON_NAME = AppIcon;
				ASSETCATALOG_COMPILER_GLOBAL_ACCENT_COLOR_NAME = AccentColor;
				CODE_SIGN_STYLE = Automatic;
				CURRENT_PROJECT_VERSION = 1;
				DEVELOPMENT_ASSET_PATHS = "\"TestingAPIS/Preview Content\"";
				DEVELOPMENT_TEAM = 826W4AQ3JG;
				ENABLE_PREVIEWS = YES;
				GENERATE_INFOPLIST_FILE = YES;
				INFOPLIST_FILE = TestingAPIS/Info.plist;
				INFOPLIST_KEY_UIApplicationSceneManifest_Generation = YES;
				INFOPLIST_KEY_UIApplicationSupportsIndirectInputEvents = YES;
				INFOPLIST_KEY_UILaunchScreen_Generation = YES;
				INFOPLIST_KEY_UISupportedInterfaceOrientations_iPad = "UIInterfaceOrientationPortrait UIInterfaceOrientationPortraitUpsideDown UIInterfaceOrientationLandscapeLeft UIInterfaceOrientationLandscapeRight";
				INFOPLIST_KEY_UISupportedInterfaceOrientations_iPhone = "UIInterfaceOrientationPortrait UIInterfaceOrientationLandscapeLeft UIInterfaceOrientationLandscapeRight";
				LD_RUNPATH_SEARCH_PATHS = (
					"$(inherited)",
					"@executable_path/Frameworks",
				);
				MARKETING_VERSION = 1.0;
				PRODUCT_BUNDLE_IDENTIFIER = "com.Alhalabi-Anas.TestingAPIS";
				PRODUCT_NAME = "$(TARGET_NAME)";
				SWIFT_EMIT_LOC_STRINGS = YES;
				SWIFT_VERSION = 5.0;
				TARGETED_DEVICE_FAMILY = "1,2";
			};
			name = Debug;
		};
		746DBBDD2868610D00445905 /* Release */ = {
			isa = XCBuildConfiguration;
			buildSettings = {
				ASSETCATALOG_COMPILER_APPICON_NAME = AppIcon;
				ASSETCATALOG_COMPILER_GLOBAL_ACCENT_COLOR_NAME = AccentColor;
				CODE_SIGN_STYLE = Automatic;
				CURRENT_PROJECT_VERSION = 1;
				DEVELOPMENT_ASSET_PATHS = "\"TestingAPIS/Preview Content\"";
				DEVELOPMENT_TEAM = 826W4AQ3JG;
				ENABLE_PREVIEWS = YES;
				GENERATE_INFOPLIST_FILE = YES;
				INFOPLIST_FILE = TestingAPIS/Info.plist;
				INFOPLIST_KEY_UIApplicationSceneManifest_Generation = YES;
				INFOPLIST_KEY_UIApplicationSupportsIndirectInputEvents = YES;
				INFOPLIST_KEY_UILaunchScreen_Generation = YES;
				INFOPLIST_KEY_UISupportedInterfaceOrientations_iPad = "UIInterfaceOrientationPortrait UIInterfaceOrientationPortraitUpsideDown UIInterfaceOrientationLandscapeLeft UIInterfaceOrientationLandscapeRight";
				INFOPLIST_KEY_UISupportedInterfaceOrientations_iPhone = "UIInterfaceOrientationPortrait UIInterfaceOrientationLandscapeLeft UIInterfaceOrientationLandscapeRight";
				LD_RUNPATH_SEARCH_PATHS = (
					"$(inherited)",
					"@executable_path/Frameworks",
				);
				MARKETING_VERSION = 1.0;
				PRODUCT_BUNDLE_IDENTIFIER = "com.Alhalabi-Anas.TestingAPIS";
				PRODUCT_NAME = "$(TARGET_NAME)";
				SWIFT_EMIT_LOC_STRINGS = YES;
				SWIFT_VERSION = 5.0;
				TARGETED_DEVICE_FAMILY = "1,2";
			};
			name = Release;
		};
/* End XCBuildConfiguration section */

/* Begin XCConfigurationList section */
		746DBBC82868610A00445905 /* Build configuration list for PBXProject "TestingAPIS" */ = {
			isa = XCConfigurationList;
			buildConfigurations = (
				746DBBD92868610D00445905 /* Debug */,
				746DBBDA2868610D00445905 /* Release */,
			);
			defaultConfigurationIsVisible = 0;
			defaultConfigurationName = Release;
		};
		746DBBDB2868610D00445905 /* Build configuration list for PBXNativeTarget "TestingAPIS" */ = {
			isa = XCConfigurationList;
			buildConfigurations = (
				746DBBDC2868610D00445905 /* Debug */,
				746DBBDD2868610D00445905 /* Release */,
			);
			defaultConfigurationIsVisible = 0;
			defaultConfigurationName = Release;
		};
/* End XCConfigurationList section */
	};
	rootObject = 746DBBC52868610A00445905 /* Project object */;
}
